// !$*UTF8*$!
{
	archiveVersion = 1;
	classes = {
	};
	objectVersion = 77;
	objects = {

/* Begin PBXBuildFile section */
		D5A2CBC22F3A30EA00D279BA /* RealityKitContent in Frameworks */ = {isa = PBXBuildFile; productRef = D5A2CBC12F3A30EA00D279BA /* RealityKitContent */; };
		D5A7EB122F0163DA001B368C /* InkuUI in Frameworks */ = {isa = PBXBuildFile; productRef = D5A7EB112F0163DA001B368C /* InkuUI */; };
		D5DDE43E2F3A3AAD00E8CB32 /* InkuUI in Frameworks */ = {isa = PBXBuildFile; productRef = D5DDE43D2F3A3AAD00E8CB32 /* InkuUI */; };
		D5EFEFA62F364EA8006F3603 /* InkuUI in Frameworks */ = {isa = PBXBuildFile; productRef = D5EFEFA52F364EA8006F3603 /* InkuUI */; };
		D5EFEFA82F364EB7006F3603 /* SwiftData.framework in Frameworks */ = {isa = PBXBuildFile; fileRef = D5EFEFA72F364EB7006F3603 /* SwiftData.framework */; };
/* End PBXBuildFile section */

/* Begin PBXContainerItemProxy section */
		D575EC092EFC8A9B00F99309 /* PBXContainerItemProxy */ = {
			isa = PBXContainerItemProxy;
			containerPortal = D5A761482EF6DBB70043DFF3 /* Project object */;
			proxyType = 1;
			remoteGlobalIDString = D5A7614F2EF6DBB70043DFF3;
			remoteInfo = Inku;
		};
/* End PBXContainerItemProxy section */

/* Begin PBXFileReference section */
		D575EC052EFC8A9B00F99309 /* InkuTests.xctest */ = {isa = PBXFileReference; explicitFileType = wrapper.cfbundle; includeInIndex = 0; path = InkuTests.xctest; sourceTree = BUILT_PRODUCTS_DIR; };
		D5A2CBBD2F3A30EA00D279BA /* Inku.app */ = {isa = PBXFileReference; explicitFileType = wrapper.application; includeInIndex = 0; path = Inku.app; sourceTree = BUILT_PRODUCTS_DIR; };
		D5A2CBC02F3A30EA00D279BA /* RealityKitContent */ = {isa = PBXFileReference; lastKnownFileType = wrapper; path = RealityKitContent; sourceTree = "<group>"; };
		D5A761502EF6DBB70043DFF3 /* Inku.app */ = {isa = PBXFileReference; explicitFileType = wrapper.application; includeInIndex = 0; path = Inku.app; sourceTree = BUILT_PRODUCTS_DIR; };
		D5EFEF992F364E60006F3603 /* Inku.app */ = {isa = PBXFileReference; explicitFileType = wrapper.application; includeInIndex = 0; path = Inku.app; sourceTree = BUILT_PRODUCTS_DIR; };
		D5EFEFA72F364EB7006F3603 /* SwiftData.framework */ = {isa = PBXFileReference; lastKnownFileType = wrapper.framework; name = SwiftData.framework; path = Platforms/MacOSX.platform/Developer/SDKs/MacOSX26.2.sdk/System/Library/Frameworks/SwiftData.framework; sourceTree = DEVELOPER_DIR; };
/* End PBXFileReference section */

/* Begin PBXFileSystemSynchronizedBuildFileExceptionSet section */
		D5A2CBCA2F3A30EB00D279BA /* Exceptions for "InkuVision" folder in "InkuVision" target */ = {
			isa = PBXFileSystemSynchronizedBuildFileExceptionSet;
			membershipExceptions = (
				Info.plist,
			);
			target = D5A2CBBC2F3A30EA00D279BA /* InkuVision */;
		};
		D5A2CC3A2F3A32A500D279BA /* Exceptions for "Inku" folder in "InkuVision" target */ = {
			isa = PBXFileSystemSynchronizedBuildFileExceptionSet;
			membershipExceptions = (
				Assets.xcassets,
				Core/API/APIEndpoints.swift,
				"Core/Extensions/Bundle+AppVersion.swift",
				"Core/Extensions/View+AdaptiveNavigationTitle.swift",
				"Core/Extensions/View+LiquidGlass.swift",
				"Core/Extensions/View+SectionIndex.swift",
				"Core/Extensions/View+TabBarMinimizeBehavior.swift",
				Core/Localization/L10n.swift,
				Core/Models/Author.swift,
				Core/Models/AuthState.swift,
				Core/Models/AuthToken.swift,
				Core/Models/CloudCollectionManga.swift,
				Core/Models/CreateCollectionMangaRequest.swift,
				Core/Models/CustomSearch.swift,
				Core/Models/Demographic.swift,
				Core/Models/Genre.swift,
				Core/Models/Manga.swift,
				Core/Models/MangaListResponse.swift,
				Core/Models/MangaPresentationMode.swift,
				Core/Models/PaginationMetadata.swift,
				Core/Models/SearchSortOption.swift,
				Core/Models/SyncStatus.swift,
				Core/Models/Theme.swift,
				Core/Models/TokenResponse.swift,
				Core/Models/User.swift,
				Core/Preview/PreviewContainer.swift,
				Core/Services/KeychainService.swift,
				Core/Services/NetworkService.swift,
				Core/Services/Protocols/KeychainServiceProtocol.swift,
				Core/Services/Protocols/NetworkServiceProtocol.swift,
				Features/AdvancedFilters/Interactor/AdvancedFiltersInteractor.swift,
				Features/AdvancedFilters/Interactor/MockAdvancedFiltersInteractor.swift,
				Features/AdvancedFilters/Interactor/Protocols/AdvancedFiltersInteractorProtocol.swift,
				Features/AdvancedFilters/ViewModel/AdvancedFiltersViewModel.swift,
				Features/AdvancedFilters/ViewModel/Protocols/AdvancedFiltersViewModelProtocol.swift,
				Features/AdvancedFilters/Views/AdvancedFilterView.swift,
				Features/AdvancedFilters/Views/Components/FilterDisclosureSection.swift,
				Features/Authentication/Interactor/AuthInteractor.swift,
				Features/Authentication/Interactor/MockAuthInteractor.swift,
				Features/Authentication/Interactor/Protocols/AuthInteractorProtocol.swift,
				Features/Authentication/ViewModel/AuthViewModel.swift,
				Features/Authentication/ViewModel/MockAuthViewModel.swift,
				Features/Authentication/ViewModel/Protocols/AuthViewModelProtocol.swift,
				Features/Authentication/Views/LoginView.swift,
				Features/Authentication/Views/RegistrationView.swift,
				Features/Collection/Environment/CollectionViewModelEnvironment.swift,
				Features/Collection/Environment/EmptyCollectionViewModel.swift,
				Features/Collection/Interactor/CollectionInteractor.swift,
				Features/Collection/Interactor/MockCollectionInteractor.swift,
				Features/Collection/Interactor/Protocols/CollectionInteractorProtocol.swift,
				Features/Collection/Models/CollectionFilter.swift,
				Features/Collection/Models/CollectionManga.swift,
				Features/Collection/Models/CollectionSortOption.swift,
				Features/Collection/ViewModel/CollectionViewModel.swift,
				Features/Collection/ViewModel/MockCollectionViewModel.swift,
				Features/Collection/ViewModel/Protocols/CollectionViewModelProtocol.swift,
				Features/Collection/Views/CollectionListView.swift,
				Features/Collection/Views/CollectionView.swift,
				Features/Collection/Views/Components/CollectionItemCard.swift,
				Features/Collection/Views/Components/CollectionStatsView.swift,
				Features/Collection/Views/Components/EditCollectionSheet.swift,
				Features/MangaDetail/Views/Components/MangaAuthorsSection.swift,
				Features/MangaDetail/Views/Components/MangaBackgroundSection.swift,
				Features/MangaDetail/Views/Components/MangaBackgroundSheet.swift,
				Features/MangaDetail/Views/Components/MangaHeaderSection.swift,
				Features/MangaDetail/Views/Components/MangaPublicationSection.swift,
				Features/MangaDetail/Views/Components/MangaStatsSection.swift,
				Features/MangaDetail/Views/Components/MangaSynopsisSection.swift,
				Features/MangaDetail/Views/Components/MangaTagsSection.swift,
				Features/MangaDetail/Views/MangaDetailView.swift,
				Features/MangaList/Interactor/MangaListInteractor.swift,
				Features/MangaList/Interactor/MockMangaListInteractor.swift,
				Features/MangaList/Interactor/Protocols/MangaListInteractorProtocol.swift,
				Features/MangaList/Models/MangaFilter.swift,
				Features/MangaList/ViewModel/MangaListViewModel.swift,
				Features/MangaList/ViewModel/MockMangaListViewModel.swift,
				Features/MangaList/ViewModel/Protocols/MangaListViewModelProtocol.swift,
				Features/MangaList/Views/Components/EmptyStateView.swift,
				Features/MangaList/Views/Components/LoadingStateView.swift,
				Features/MangaList/Views/Components/MangaCardView.swift,
				Features/MangaList/Views/Components/MangaGridSkeletonView.swift,
				Features/MangaList/Views/Components/MangaGridView.swift,
				Features/MangaList/Views/Components/MangaRowView.swift,
				Features/MangaList/Views/MangaListView.swift,
				Features/Profile/Views/Components/AuthenticatedHeaderSection.swift,
				Features/Profile/Views/Components/ProfileLoadingOverlay.swift,
				Features/Profile/Views/Components/SyncMangaRow.swift,
				Features/Profile/Views/Components/SyncStatusSection.swift,
				Features/Profile/Views/Components/UnauthenticatedSection.swift,
				Features/Profile/Views/ProfileView.swift,
				Features/Search/Interactor/MockSearchInteractor.swift,
				Features/Search/Interactor/Protocols/SearchInteractorProtocol.swift,
				Features/Search/Interactor/SearchInteractor.swift,
				Features/Search/Models/MangaSearchMode.swift,
				Features/Search/Models/SearchScope.swift,
				Features/Search/ViewModel/MockSearchViewModel.swift,
				Features/Search/ViewModel/Protocols/SearchViewModelProtocol.swift,
				Features/Search/ViewModel/SearchViewModel.swift,
				Features/Search/Views/Components/AuthorResultsView.swift,
				Features/Search/Views/Components/MangaResultsView.swift,
				Features/Search/Views/SearchView.swift,
				Resources/AdvancedFiltersLocalizable.xcstrings,
				Resources/AuthenticationLocalizable.xcstrings,
				Resources/CollectionLocalizable.xcstrings,
				Resources/Localizable.xcstrings,
				Resources/MangaDetailLocalizable.xcstrings,
				Resources/MangaListLocalizable.xcstrings,
				Resources/ProfileLocalizable.xcstrings,
				Resources/SearchLocalizable.xcstrings,
			);
			target = D5A2CBBC2F3A30EA00D279BA /* InkuVision */;
		};
		D5EFF0882F365148006F3603 /* Exceptions for "Inku" folder in "InkuMac" target */ = {
			isa = PBXFileSystemSynchronizedBuildFileExceptionSet;
			membershipExceptions = (
				Assets.xcassets,
				Core/API/APIEndpoints.swift,
				"Core/Extensions/Bundle+AppVersion.swift",
				"Core/Extensions/View+AdaptiveNavigationTitle.swift",
				"Core/Extensions/View+SectionIndex.swift",
				Core/Localization/L10n.swift,
				Core/Models/Author.swift,
				Core/Models/AuthState.swift,
				Core/Models/AuthToken.swift,
				Core/Models/CloudCollectionManga.swift,
				Core/Models/CreateCollectionMangaRequest.swift,
				Core/Models/CustomSearch.swift,
				Core/Models/Demographic.swift,
				Core/Models/Genre.swift,
				Core/Models/Manga.swift,
				Core/Models/MangaListResponse.swift,
				Core/Models/MangaPresentationMode.swift,
				Core/Models/PaginationMetadata.swift,
				Core/Models/SearchSortOption.swift,
				Core/Models/SyncStatus.swift,
				Core/Models/Theme.swift,
				Core/Models/TokenResponse.swift,
				Core/Models/User.swift,
				Core/Preview/PreviewContainer.swift,
				Core/Services/KeychainService.swift,
				Core/Services/NetworkService.swift,
				Core/Services/Protocols/KeychainServiceProtocol.swift,
				Core/Services/Protocols/NetworkServiceProtocol.swift,
				Features/AdvancedFilters/Interactor/AdvancedFiltersInteractor.swift,
				Features/AdvancedFilters/Interactor/MockAdvancedFiltersInteractor.swift,
				Features/AdvancedFilters/Interactor/Protocols/AdvancedFiltersInteractorProtocol.swift,
				Features/AdvancedFilters/ViewModel/AdvancedFiltersViewModel.swift,
				Features/AdvancedFilters/ViewModel/Protocols/AdvancedFiltersViewModelProtocol.swift,
				Features/AdvancedFilters/Views/AdvancedFilterView.swift,
				Features/AdvancedFilters/Views/Components/FilterDisclosureSection.swift,
				Features/Authentication/Interactor/AuthInteractor.swift,
				Features/Authentication/Interactor/MockAuthInteractor.swift,
				Features/Authentication/Interactor/Protocols/AuthInteractorProtocol.swift,
				Features/Authentication/ViewModel/AuthViewModel.swift,
				Features/Authentication/ViewModel/MockAuthViewModel.swift,
				Features/Authentication/ViewModel/Protocols/AuthViewModelProtocol.swift,
				Features/Authentication/Views/LoginView.swift,
				Features/Authentication/Views/RegistrationView.swift,
				Features/Collection/Environment/CollectionViewModelEnvironment.swift,
				Features/Collection/Environment/EmptyCollectionViewModel.swift,
				Features/Collection/Interactor/CollectionInteractor.swift,
				Features/Collection/Interactor/MockCollectionInteractor.swift,
				Features/Collection/Interactor/Protocols/CollectionInteractorProtocol.swift,
				Features/Collection/Models/CollectionFilter.swift,
				Features/Collection/Models/CollectionManga.swift,
				Features/Collection/Models/CollectionSortOption.swift,
				Features/Collection/ViewModel/CollectionViewModel.swift,
				Features/Collection/ViewModel/MockCollectionViewModel.swift,
				Features/Collection/ViewModel/Protocols/CollectionViewModelProtocol.swift,
				Features/Collection/Views/CollectionListView.swift,
				Features/Collection/Views/CollectionView.swift,
				Features/Collection/Views/Components/CollectionItemCard.swift,
				Features/Collection/Views/Components/CollectionStatsView.swift,
				Features/Collection/Views/Components/EditCollectionSheet.swift,
				Features/MangaDetail/Views/Components/MangaAuthorsSection.swift,
				Features/MangaDetail/Views/Components/MangaBackgroundSection.swift,
				Features/MangaDetail/Views/Components/MangaBackgroundSheet.swift,
				Features/MangaDetail/Views/Components/MangaHeaderSection.swift,
				Features/MangaDetail/Views/Components/MangaPublicationSection.swift,
				Features/MangaDetail/Views/Components/MangaStatsSection.swift,
				Features/MangaDetail/Views/Components/MangaSynopsisSection.swift,
				Features/MangaDetail/Views/Components/MangaTagsSection.swift,
				Features/MangaDetail/Views/MangaDetailView.swift,
				Features/MangaList/Interactor/MangaListInteractor.swift,
				Features/MangaList/Interactor/MockMangaListInteractor.swift,
				Features/MangaList/Interactor/Protocols/MangaListInteractorProtocol.swift,
				Features/MangaList/Models/MangaFilter.swift,
				Features/MangaList/ViewModel/MangaListViewModel.swift,
				Features/MangaList/ViewModel/MockMangaListViewModel.swift,
				Features/MangaList/ViewModel/Protocols/MangaListViewModelProtocol.swift,
				Features/MangaList/Views/Components/EmptyStateView.swift,
				Features/MangaList/Views/Components/LoadingStateView.swift,
				Features/MangaList/Views/Components/MangaCardView.swift,
				Features/MangaList/Views/Components/MangaGridSkeletonView.swift,
				Features/MangaList/Views/Components/MangaGridView.swift,
				Features/MangaList/Views/Components/MangaRowView.swift,
				Features/MangaList/Views/MangaListView.swift,
				Features/Profile/Views/Components/AuthenticatedHeaderSection.swift,
				Features/Profile/Views/Components/ProfileLoadingOverlay.swift,
				Features/Profile/Views/Components/SyncMangaRow.swift,
				Features/Profile/Views/Components/SyncStatusSection.swift,
				Features/Profile/Views/Components/UnauthenticatedSection.swift,
				Features/Profile/Views/ProfileView.swift,
				Features/Search/Interactor/MockSearchInteractor.swift,
				Features/Search/Interactor/Protocols/SearchInteractorProtocol.swift,
				Features/Search/Interactor/SearchInteractor.swift,
				Features/Search/Models/MangaSearchMode.swift,
				Features/Search/Models/SearchScope.swift,
				Features/Search/ViewModel/MockSearchViewModel.swift,
				Features/Search/ViewModel/Protocols/SearchViewModelProtocol.swift,
				Features/Search/ViewModel/SearchViewModel.swift,
				Features/Search/Views/Components/AuthorResultsView.swift,
				Features/Search/Views/Components/MangaResultsView.swift,
				Features/Search/Views/SearchView.swift,
				Resources/AdvancedFiltersLocalizable.xcstrings,
				Resources/AuthenticationLocalizable.xcstrings,
				Resources/CollectionLocalizable.xcstrings,
				Resources/Localizable.xcstrings,
				Resources/MangaDetailLocalizable.xcstrings,
				Resources/MangaListLocalizable.xcstrings,
				Resources/ProfileLocalizable.xcstrings,
				Resources/SearchLocalizable.xcstrings,
			);
			target = D5EFEF982F364E60006F3603 /* InkuMac */;
		};
/* End PBXFileSystemSynchronizedBuildFileExceptionSet section */

/* Begin PBXFileSystemSynchronizedRootGroup section */
		D575EC062EFC8A9B00F99309 /* InkuTests */ = {
			isa = PBXFileSystemSynchronizedRootGroup;
			path = InkuTests;
			sourceTree = "<group>";
		};
		D5A2CBBE2F3A30EA00D279BA /* InkuVision */ = {
			isa = PBXFileSystemSynchronizedRootGroup;
			exceptions = (
				D5A2CBCA2F3A30EB00D279BA /* Exceptions for "InkuVision" folder in "InkuVision" target */,
			);
			path = InkuVision;
			sourceTree = "<group>";
		};
		D5A761522EF6DBB70043DFF3 /* Inku */ = {
			isa = PBXFileSystemSynchronizedRootGroup;
			exceptions = (
				D5EFF0882F365148006F3603 /* Exceptions for "Inku" folder in "InkuMac" target */,
				D5A2CC3A2F3A32A500D279BA /* Exceptions for "Inku" folder in "InkuVision" target */,
			);
			path = Inku;
			sourceTree = "<group>";
		};
		D5EFEF9A2F364E60006F3603 /* InkuMac */ = {
			isa = PBXFileSystemSynchronizedRootGroup;
			path = InkuMac;
			sourceTree = "<group>";
		};
/* End PBXFileSystemSynchronizedRootGroup section */

/* Begin PBXFrameworksBuildPhase section */
		D575EC022EFC8A9B00F99309 /* Frameworks */ = {
			isa = PBXFrameworksBuildPhase;
			buildActionMask = 2147483647;
			files = (
			);
			runOnlyForDeploymentPostprocessing = 0;
		};
		D5A2CBBA2F3A30EA00D279BA /* Frameworks */ = {
			isa = PBXFrameworksBuildPhase;
			buildActionMask = 2147483647;
			files = (
				D5A2CBC22F3A30EA00D279BA /* RealityKitContent in Frameworks */,
				D5DDE43E2F3A3AAD00E8CB32 /* InkuUI in Frameworks */,
			);
			runOnlyForDeploymentPostprocessing = 0;
		};
		D5A7614D2EF6DBB70043DFF3 /* Frameworks */ = {
			isa = PBXFrameworksBuildPhase;
			buildActionMask = 2147483647;
			files = (
				D5A7EB122F0163DA001B368C /* InkuUI in Frameworks */,
			);
			runOnlyForDeploymentPostprocessing = 0;
		};
		D5EFEF962F364E60006F3603 /* Frameworks */ = {
			isa = PBXFrameworksBuildPhase;
			buildActionMask = 2147483647;
			files = (
				D5EFEFA82F364EB7006F3603 /* SwiftData.framework in Frameworks */,
				D5EFEFA62F364EA8006F3603 /* InkuUI in Frameworks */,
			);
			runOnlyForDeploymentPostprocessing = 0;
		};
/* End PBXFrameworksBuildPhase section */

/* Begin PBXGroup section */
		D5A2CBBF2F3A30EA00D279BA /* Packages */ = {
			isa = PBXGroup;
			children = (
				D5A2CBC02F3A30EA00D279BA /* RealityKitContent */,
			);
			path = Packages;
			sourceTree = "<group>";
		};
		D5A761472EF6DBB70043DFF3 = {
			isa = PBXGroup;
			children = (
				D5A761522EF6DBB70043DFF3 /* Inku */,
				D575EC062EFC8A9B00F99309 /* InkuTests */,
				D5EFEF9A2F364E60006F3603 /* InkuMac */,
				D5A2CBBE2F3A30EA00D279BA /* InkuVision */,
				D5EFEFA42F364EA8006F3603 /* Frameworks */,
				D5A2CBBF2F3A30EA00D279BA /* Packages */,
				D5A761512EF6DBB70043DFF3 /* Products */,
			);
			sourceTree = "<group>";
		};
		D5A761512EF6DBB70043DFF3 /* Products */ = {
			isa = PBXGroup;
			children = (
				D5A761502EF6DBB70043DFF3 /* Inku.app */,
				D575EC052EFC8A9B00F99309 /* InkuTests.xctest */,
				D5EFEF992F364E60006F3603 /* Inku.app */,
				D5A2CBBD2F3A30EA00D279BA /* Inku.app */,
			);
			name = Products;
			sourceTree = "<group>";
		};
		D5EFEFA42F364EA8006F3603 /* Frameworks */ = {
			isa = PBXGroup;
			children = (
				D5EFEFA72F364EB7006F3603 /* SwiftData.framework */,
			);
			name = Frameworks;
			sourceTree = "<group>";
		};
/* End PBXGroup section */

/* Begin PBXNativeTarget section */
		D575EC042EFC8A9B00F99309 /* InkuTests */ = {
			isa = PBXNativeTarget;
			buildConfigurationList = D575EC0B2EFC8A9B00F99309 /* Build configuration list for PBXNativeTarget "InkuTests" */;
			buildPhases = (
				D575EC012EFC8A9B00F99309 /* Sources */,
				D575EC022EFC8A9B00F99309 /* Frameworks */,
				D575EC032EFC8A9B00F99309 /* Resources */,
			);
			buildRules = (
			);
			dependencies = (
				D575EC0A2EFC8A9B00F99309 /* PBXTargetDependency */,
			);
			fileSystemSynchronizedGroups = (
				D575EC062EFC8A9B00F99309 /* InkuTests */,
			);
			name = InkuTests;
			packageProductDependencies = (
			);
			productName = InkuTests;
			productReference = D575EC052EFC8A9B00F99309 /* InkuTests.xctest */;
			productType = "com.apple.product-type.bundle.unit-test";
		};
		D5A2CBBC2F3A30EA00D279BA /* InkuVision */ = {
			isa = PBXNativeTarget;
			buildConfigurationList = D5A2CBCB2F3A30EB00D279BA /* Build configuration list for PBXNativeTarget "InkuVision" */;
			buildPhases = (
				D5A2CBB92F3A30EA00D279BA /* Sources */,
				D5A2CBBA2F3A30EA00D279BA /* Frameworks */,
				D5A2CBBB2F3A30EA00D279BA /* Resources */,
			);
			buildRules = (
			);
			dependencies = (
			);
			fileSystemSynchronizedGroups = (
				D5A2CBBE2F3A30EA00D279BA /* InkuVision */,
			);
			name = InkuVision;
			packageProductDependencies = (
				D5A2CBC12F3A30EA00D279BA /* RealityKitContent */,
				D5DDE43D2F3A3AAD00E8CB32 /* InkuUI */,
			);
			productName = InkuVision;
			productReference = D5A2CBBD2F3A30EA00D279BA /* Inku.app */;
			productType = "com.apple.product-type.application";
		};
		D5A7614F2EF6DBB70043DFF3 /* Inku */ = {
			isa = PBXNativeTarget;
			buildConfigurationList = D5A7615B2EF6DBB80043DFF3 /* Build configuration list for PBXNativeTarget "Inku" */;
			buildPhases = (
				D5A7614C2EF6DBB70043DFF3 /* Sources */,
				D5A7614D2EF6DBB70043DFF3 /* Frameworks */,
				D5A7614E2EF6DBB70043DFF3 /* Resources */,
			);
			buildRules = (
			);
			dependencies = (
			);
			fileSystemSynchronizedGroups = (
				D5A761522EF6DBB70043DFF3 /* Inku */,
			);
			name = Inku;
			packageProductDependencies = (
				D5A7EB112F0163DA001B368C /* InkuUI */,
			);
			productName = Inku;
			productReference = D5A761502EF6DBB70043DFF3 /* Inku.app */;
			productType = "com.apple.product-type.application";
		};
		D5EFEF982F364E60006F3603 /* InkuMac */ = {
			isa = PBXNativeTarget;
			buildConfigurationList = D5EFEFA32F364E62006F3603 /* Build configuration list for PBXNativeTarget "InkuMac" */;
			buildPhases = (
				D5EFEF952F364E60006F3603 /* Sources */,
				D5EFEF962F364E60006F3603 /* Frameworks */,
				D5EFEF972F364E60006F3603 /* Resources */,
			);
			buildRules = (
			);
			dependencies = (
			);
			fileSystemSynchronizedGroups = (
				D5EFEF9A2F364E60006F3603 /* InkuMac */,
			);
			name = InkuMac;
			packageProductDependencies = (
				D5EFEFA52F364EA8006F3603 /* InkuUI */,
			);
			productName = InkuMac;
			productReference = D5EFEF992F364E60006F3603 /* Inku.app */;
			productType = "com.apple.product-type.application";
		};
/* End PBXNativeTarget section */

/* Begin PBXProject section */
		D5A761482EF6DBB70043DFF3 /* Project object */ = {
			isa = PBXProject;
			attributes = {
				BuildIndependentTargetsInParallel = 1;
				LastSwiftUpdateCheck = 2630;
				LastUpgradeCheck = 2620;
				TargetAttributes = {
					D575EC042EFC8A9B00F99309 = {
						CreatedOnToolsVersion = 26.2;
						TestTargetID = D5A7614F2EF6DBB70043DFF3;
					};
					D5A2CBBC2F3A30EA00D279BA = {
						CreatedOnToolsVersion = 26.3;
					};
					D5A7614F2EF6DBB70043DFF3 = {
						CreatedOnToolsVersion = 26.2;
					};
					D5EFEF982F364E60006F3603 = {
						CreatedOnToolsVersion = 26.3;
					};
				};
			};
			buildConfigurationList = D5A7614B2EF6DBB70043DFF3 /* Build configuration list for PBXProject "Inku" */;
			developmentRegion = en;
			hasScannedForEncodings = 0;
			knownRegions = (
				en,
				Base,
			);
			mainGroup = D5A761472EF6DBB70043DFF3;
			minimizedProjectReferenceProxies = 1;
			packageReferences = (
				D5A7EB102F0163DA001B368C /* XCRemoteSwiftPackageReference "InkuUI" */,
			);
			preferredProjectObjectVersion = 77;
			productRefGroup = D5A761512EF6DBB70043DFF3 /* Products */;
			projectDirPath = "";
			projectRoot = "";
			targets = (
				D5A7614F2EF6DBB70043DFF3 /* Inku */,
				D5EFEF982F364E60006F3603 /* InkuMac */,
				D575EC042EFC8A9B00F99309 /* InkuTests */,
				D5A2CBBC2F3A30EA00D279BA /* InkuVision */,
			);
		};
/* End PBXProject section */

/* Begin PBXResourcesBuildPhase section */
		D575EC032EFC8A9B00F99309 /* Resources */ = {
			isa = PBXResourcesBuildPhase;
			buildActionMask = 2147483647;
			files = (
			);
			runOnlyForDeploymentPostprocessing = 0;
		};
		D5A2CBBB2F3A30EA00D279BA /* Resources */ = {
			isa = PBXResourcesBuildPhase;
			buildActionMask = 2147483647;
			files = (
			);
			runOnlyForDeploymentPostprocessing = 0;
		};
		D5A7614E2EF6DBB70043DFF3 /* Resources */ = {
			isa = PBXResourcesBuildPhase;
			buildActionMask = 2147483647;
			files = (
			);
			runOnlyForDeploymentPostprocessing = 0;
		};
		D5EFEF972F364E60006F3603 /* Resources */ = {
			isa = PBXResourcesBuildPhase;
			buildActionMask = 2147483647;
			files = (
			);
			runOnlyForDeploymentPostprocessing = 0;
		};
/* End PBXResourcesBuildPhase section */

/* Begin PBXSourcesBuildPhase section */
		D575EC012EFC8A9B00F99309 /* Sources */ = {
			isa = PBXSourcesBuildPhase;
			buildActionMask = 2147483647;
			files = (
			);
			runOnlyForDeploymentPostprocessing = 0;
		};
		D5A2CBB92F3A30EA00D279BA /* Sources */ = {
			isa = PBXSourcesBuildPhase;
			buildActionMask = 2147483647;
			files = (
			);
			runOnlyForDeploymentPostprocessing = 0;
		};
		D5A7614C2EF6DBB70043DFF3 /* Sources */ = {
			isa = PBXSourcesBuildPhase;
			buildActionMask = 2147483647;
			files = (
			);
			runOnlyForDeploymentPostprocessing = 0;
		};
		D5EFEF952F364E60006F3603 /* Sources */ = {
			isa = PBXSourcesBuildPhase;
			buildActionMask = 2147483647;
			files = (
			);
			runOnlyForDeploymentPostprocessing = 0;
		};
/* End PBXSourcesBuildPhase section */

/* Begin PBXTargetDependency section */
		D575EC0A2EFC8A9B00F99309 /* PBXTargetDependency */ = {
			isa = PBXTargetDependency;
			target = D5A7614F2EF6DBB70043DFF3 /* Inku */;
			targetProxy = D575EC092EFC8A9B00F99309 /* PBXContainerItemProxy */;
		};
/* End PBXTargetDependency section */

/* Begin XCBuildConfiguration section */
		D575EC0C2EFC8A9B00F99309 /* Debug */ = {
			isa = XCBuildConfiguration;
			buildSettings = {
				BUNDLE_LOADER = "$(TEST_HOST)";
				CODE_SIGN_STYLE = Automatic;
				CURRENT_PROJECT_VERSION = 1;
				DEVELOPMENT_TEAM = V8BCKJ57FF;
				GENERATE_INFOPLIST_FILE = YES;
				MARKETING_VERSION = 2.0.0;
				PRODUCT_BUNDLE_IDENTIFIER = com.sdp26.InkuTests;
				PRODUCT_NAME = "$(TARGET_NAME)";
				STRING_CATALOG_GENERATE_SYMBOLS = NO;
				SWIFT_APPROACHABLE_CONCURRENCY = YES;
				SWIFT_EMIT_LOC_STRINGS = NO;
				SWIFT_UPCOMING_FEATURE_MEMBER_IMPORT_VISIBILITY = YES;
				SWIFT_VERSION = 5.0;
				TARGETED_DEVICE_FAMILY = "1,2";
				TEST_HOST = "$(BUILT_PRODUCTS_DIR)/Inku.app/$(BUNDLE_EXECUTABLE_FOLDER_PATH)/Inku";
			};
			name = Debug;
		};
		D575EC0D2EFC8A9B00F99309 /* Release */ = {
			isa = XCBuildConfiguration;
			buildSettings = {
				BUNDLE_LOADER = "$(TEST_HOST)";
				CODE_SIGN_STYLE = Automatic;
				CURRENT_PROJECT_VERSION = 1;
				DEVELOPMENT_TEAM = V8BCKJ57FF;
				GENERATE_INFOPLIST_FILE = YES;
				MARKETING_VERSION = 2.0.0;
				PRODUCT_BUNDLE_IDENTIFIER = com.sdp26.InkuTests;
				PRODUCT_NAME = "$(TARGET_NAME)";
				STRING_CATALOG_GENERATE_SYMBOLS = NO;
				SWIFT_APPROACHABLE_CONCURRENCY = YES;
				SWIFT_EMIT_LOC_STRINGS = NO;
				SWIFT_UPCOMING_FEATURE_MEMBER_IMPORT_VISIBILITY = YES;
				SWIFT_VERSION = 5.0;
				TARGETED_DEVICE_FAMILY = "1,2";
				TEST_HOST = "$(BUILT_PRODUCTS_DIR)/Inku.app/$(BUNDLE_EXECUTABLE_FOLDER_PATH)/Inku";
			};
			name = Release;
		};
		D5A2CBCC2F3A30EB00D279BA /* Debug */ = {
			isa = XCBuildConfiguration;
			buildSettings = {
				ASSETCATALOG_COMPILER_APPICON_NAME = AppIcon;
				ASSETCATALOG_COMPILER_GLOBAL_ACCENT_COLOR_NAME = AccentColor;
				CODE_SIGN_STYLE = Automatic;
				CURRENT_PROJECT_VERSION = 1;
				DEVELOPMENT_TEAM = V8BCKJ57FF;
				ENABLE_PREVIEWS = YES;
				GENERATE_INFOPLIST_FILE = YES;
				INFOPLIST_FILE = "$(TARGET_NAME)/Info.plist";
				INFOPLIST_KEY_CFBundleDisplayName = Inku;
				LD_RUNPATH_SEARCH_PATHS = (
					"$(inherited)",
					"@executable_path/Frameworks",
				);
				MARKETING_VERSION = 1.0;
				PRODUCT_BUNDLE_IDENTIFIER = com.sdp26.InkuVision;
				PRODUCT_NAME = Inku;
				SDKROOT = xros;
				STRING_CATALOG_GENERATE_SYMBOLS = YES;
				SUPPORTED_PLATFORMS = "xros xrsimulator";
				SWIFT_APPROACHABLE_CONCURRENCY = NO;
				SWIFT_DEFAULT_ACTOR_ISOLATION = nonisolated;
				SWIFT_EMIT_LOC_STRINGS = YES;
				SWIFT_STRICT_CONCURRENCY = complete;
				SWIFT_UPCOMING_FEATURE_MEMBER_IMPORT_VISIBILITY = YES;
				SWIFT_VERSION = 6.0;
				TARGETED_DEVICE_FAMILY = 7;
				XROS_DEPLOYMENT_TARGET = 26.2;
			};
			name = Debug;
		};
		D5A2CBCD2F3A30EB00D279BA /* Release */ = {
			isa = XCBuildConfiguration;
			buildSettings = {
				ASSETCATALOG_COMPILER_APPICON_NAME = AppIcon;
				ASSETCATALOG_COMPILER_GLOBAL_ACCENT_COLOR_NAME = AccentColor;
				CODE_SIGN_STYLE = Automatic;
				CURRENT_PROJECT_VERSION = 1;
				DEVELOPMENT_TEAM = V8BCKJ57FF;
				ENABLE_PREVIEWS = YES;
				GENERATE_INFOPLIST_FILE = YES;
				INFOPLIST_FILE = "$(TARGET_NAME)/Info.plist";
				INFOPLIST_KEY_CFBundleDisplayName = Inku;
				LD_RUNPATH_SEARCH_PATHS = (
					"$(inherited)",
					"@executable_path/Frameworks",
				);
				MARKETING_VERSION = 1.0;
				PRODUCT_BUNDLE_IDENTIFIER = com.sdp26.InkuVision;
				PRODUCT_NAME = Inku;
				SDKROOT = xros;
				STRING_CATALOG_GENERATE_SYMBOLS = YES;
				SUPPORTED_PLATFORMS = "xros xrsimulator";
				SWIFT_APPROACHABLE_CONCURRENCY = NO;
				SWIFT_DEFAULT_ACTOR_ISOLATION = nonisolated;
				SWIFT_EMIT_LOC_STRINGS = YES;
				SWIFT_STRICT_CONCURRENCY = complete;
				SWIFT_UPCOMING_FEATURE_MEMBER_IMPORT_VISIBILITY = YES;
				SWIFT_VERSION = 6.0;
				TARGETED_DEVICE_FAMILY = 7;
				XROS_DEPLOYMENT_TARGET = 26.2;
			};
			name = Release;
		};
		D5A761592EF6DBB80043DFF3 /* Debug */ = {
			isa = XCBuildConfiguration;
			buildSettings = {
				ALWAYS_SEARCH_USER_PATHS = NO;
				ASSETCATALOG_COMPILER_GENERATE_SWIFT_ASSET_SYMBOL_EXTENSIONS = YES;
				CLANG_ANALYZER_NONNULL = YES;
				CLANG_ANALYZER_NUMBER_OBJECT_CONVERSION = YES_AGGRESSIVE;
				CLANG_CXX_LANGUAGE_STANDARD = "gnu++20";
				CLANG_ENABLE_MODULES = YES;
				CLANG_ENABLE_OBJC_ARC = YES;
				CLANG_ENABLE_OBJC_WEAK = YES;
				CLANG_WARN_BLOCK_CAPTURE_AUTORELEASING = YES;
				CLANG_WARN_BOOL_CONVERSION = YES;
				CLANG_WARN_COMMA = YES;
				CLANG_WARN_CONSTANT_CONVERSION = YES;
				CLANG_WARN_DEPRECATED_OBJC_IMPLEMENTATIONS = YES;
				CLANG_WARN_DIRECT_OBJC_ISA_USAGE = YES_ERROR;
				CLANG_WARN_DOCUMENTATION_COMMENTS = YES;
				CLANG_WARN_EMPTY_BODY = YES;
				CLANG_WARN_ENUM_CONVERSION = YES;
				CLANG_WARN_INFINITE_RECURSION = YES;
				CLANG_WARN_INT_CONVERSION = YES;
				CLANG_WARN_NON_LITERAL_NULL_CONVERSION = YES;
				CLANG_WARN_OBJC_IMPLICIT_RETAIN_SELF = YES;
				CLANG_WARN_OBJC_LITERAL_CONVERSION = YES;
				CLANG_WARN_OBJC_ROOT_CLASS = YES_ERROR;
				CLANG_WARN_QUOTED_INCLUDE_IN_FRAMEWORK_HEADER = YES;
				CLANG_WARN_RANGE_LOOP_ANALYSIS = YES;
				CLANG_WARN_STRICT_PROTOTYPES = YES;
				CLANG_WARN_SUSPICIOUS_MOVE = YES;
				CLANG_WARN_UNGUARDED_AVAILABILITY = YES_AGGRESSIVE;
				CLANG_WARN_UNREACHABLE_CODE = YES;
				CLANG_WARN__DUPLICATE_METHOD_MATCH = YES;
				COPY_PHASE_STRIP = NO;
				DEBUG_INFORMATION_FORMAT = dwarf;
				DEVELOPMENT_TEAM = V8BCKJ57FF;
				ENABLE_STRICT_OBJC_MSGSEND = YES;
				ENABLE_TESTABILITY = YES;
				ENABLE_USER_SCRIPT_SANDBOXING = YES;
				GCC_C_LANGUAGE_STANDARD = gnu17;
				GCC_DYNAMIC_NO_PIC = NO;
				GCC_NO_COMMON_BLOCKS = YES;
				GCC_OPTIMIZATION_LEVEL = 0;
				GCC_PREPROCESSOR_DEFINITIONS = (
					"DEBUG=1",
					"$(inherited)",
				);
				GCC_WARN_64_TO_32_BIT_CONVERSION = YES;
				GCC_WARN_ABOUT_RETURN_TYPE = YES_ERROR;
				GCC_WARN_UNDECLARED_SELECTOR = YES;
				GCC_WARN_UNINITIALIZED_AUTOS = YES_AGGRESSIVE;
				GCC_WARN_UNUSED_FUNCTION = YES;
				GCC_WARN_UNUSED_VARIABLE = YES;
				IPHONEOS_DEPLOYMENT_TARGET = 26.2;
				LOCALIZATION_PREFERS_STRING_CATALOGS = YES;
				MTL_ENABLE_DEBUG_INFO = INCLUDE_SOURCE;
				MTL_FAST_MATH = YES;
				ONLY_ACTIVE_ARCH = YES;
				SDKROOT = iphoneos;
				SWIFT_ACTIVE_COMPILATION_CONDITIONS = "DEBUG $(inherited)";
				SWIFT_OPTIMIZATION_LEVEL = "-Onone";
			};
			name = Debug;
		};
		D5A7615A2EF6DBB80043DFF3 /* Release */ = {
			isa = XCBuildConfiguration;
			buildSettings = {
				ALWAYS_SEARCH_USER_PATHS = NO;
				ASSETCATALOG_COMPILER_GENERATE_SWIFT_ASSET_SYMBOL_EXTENSIONS = YES;
				CLANG_ANALYZER_NONNULL = YES;
				CLANG_ANALYZER_NUMBER_OBJECT_CONVERSION = YES_AGGRESSIVE;
				CLANG_CXX_LANGUAGE_STANDARD = "gnu++20";
				CLANG_ENABLE_MODULES = YES;
				CLANG_ENABLE_OBJC_ARC = YES;
				CLANG_ENABLE_OBJC_WEAK = YES;
				CLANG_WARN_BLOCK_CAPTURE_AUTORELEASING = YES;
				CLANG_WARN_BOOL_CONVERSION = YES;
				CLANG_WARN_COMMA = YES;
				CLANG_WARN_CONSTANT_CONVERSION = YES;
				CLANG_WARN_DEPRECATED_OBJC_IMPLEMENTATIONS = YES;
				CLANG_WARN_DIRECT_OBJC_ISA_USAGE = YES_ERROR;
				CLANG_WARN_DOCUMENTATION_COMMENTS = YES;
				CLANG_WARN_EMPTY_BODY = YES;
				CLANG_WARN_ENUM_CONVERSION = YES;
				CLANG_WARN_INFINITE_RECURSION = YES;
				CLANG_WARN_INT_CONVERSION = YES;
				CLANG_WARN_NON_LITERAL_NULL_CONVERSION = YES;
				CLANG_WARN_OBJC_IMPLICIT_RETAIN_SELF = YES;
				CLANG_WARN_OBJC_LITERAL_CONVERSION = YES;
				CLANG_WARN_OBJC_ROOT_CLASS = YES_ERROR;
				CLANG_WARN_QUOTED_INCLUDE_IN_FRAMEWORK_HEADER = YES;
				CLANG_WARN_RANGE_LOOP_ANALYSIS = YES;
				CLANG_WARN_STRICT_PROTOTYPES = YES;
				CLANG_WARN_SUSPICIOUS_MOVE = YES;
				CLANG_WARN_UNGUARDED_AVAILABILITY = YES_AGGRESSIVE;
				CLANG_WARN_UNREACHABLE_CODE = YES;
				CLANG_WARN__DUPLICATE_METHOD_MATCH = YES;
				COPY_PHASE_STRIP = NO;
				DEBUG_INFORMATION_FORMAT = "dwarf-with-dsym";
				DEVELOPMENT_TEAM = V8BCKJ57FF;
				ENABLE_NS_ASSERTIONS = NO;
				ENABLE_STRICT_OBJC_MSGSEND = YES;
				ENABLE_USER_SCRIPT_SANDBOXING = YES;
				GCC_C_LANGUAGE_STANDARD = gnu17;
				GCC_NO_COMMON_BLOCKS = YES;
				GCC_WARN_64_TO_32_BIT_CONVERSION = YES;
				GCC_WARN_ABOUT_RETURN_TYPE = YES_ERROR;
				GCC_WARN_UNDECLARED_SELECTOR = YES;
				GCC_WARN_UNINITIALIZED_AUTOS = YES_AGGRESSIVE;
				GCC_WARN_UNUSED_FUNCTION = YES;
				GCC_WARN_UNUSED_VARIABLE = YES;
				IPHONEOS_DEPLOYMENT_TARGET = 26.2;
				LOCALIZATION_PREFERS_STRING_CATALOGS = YES;
				MTL_ENABLE_DEBUG_INFO = NO;
				MTL_FAST_MATH = YES;
				SDKROOT = iphoneos;
				SWIFT_COMPILATION_MODE = wholemodule;
				VALIDATE_PRODUCT = YES;
			};
			name = Release;
		};
		D5A7615C2EF6DBB80043DFF3 /* Debug */ = {
			isa = XCBuildConfiguration;
			buildSettings = {
				ASSETCATALOG_COMPILER_APPICON_NAME = AppIcon;
				ASSETCATALOG_COMPILER_GLOBAL_ACCENT_COLOR_NAME = AccentColor;
				CODE_SIGN_STYLE = Automatic;
				CURRENT_PROJECT_VERSION = 1;
				DEVELOPMENT_TEAM = V8BCKJ57FF;
				ENABLE_PREVIEWS = YES;
				GENERATE_INFOPLIST_FILE = YES;
				INFOPLIST_KEY_CFBundleDisplayName = Inku;
				INFOPLIST_KEY_UIApplicationSceneManifest_Generation = YES;
				INFOPLIST_KEY_UIApplicationSupportsIndirectInputEvents = YES;
				INFOPLIST_KEY_UILaunchScreen_Generation = YES;
				INFOPLIST_KEY_UISupportedInterfaceOrientations = UIInterfaceOrientationPortrait;
				INFOPLIST_KEY_UISupportedInterfaceOrientations_iPad = "UIInterfaceOrientationLandscapeLeft UIInterfaceOrientationLandscapeRight UIInterfaceOrientationPortrait UIInterfaceOrientationPortraitUpsideDown";
				IPHONEOS_DEPLOYMENT_TARGET = 18.6;
				LD_RUNPATH_SEARCH_PATHS = (
					"$(inherited)",
					"@executable_path/Frameworks",
				);
				MARKETING_VERSION = 2.0.0;
				PRODUCT_BUNDLE_IDENTIFIER = com.sdp26.Inku;
				PRODUCT_NAME = "$(TARGET_NAME)";
				STRING_CATALOG_GENERATE_SYMBOLS = YES;
				SUPPORTED_PLATFORMS = "iphoneos iphonesimulator xros xrsimulator";
				SUPPORTS_MACCATALYST = NO;
				SUPPORTS_MAC_DESIGNED_FOR_IPHONE_IPAD = NO;
				SUPPORTS_XR_DESIGNED_FOR_IPHONE_IPAD = NO;
				SWIFT_APPROACHABLE_CONCURRENCY = NO;
				SWIFT_DEFAULT_ACTOR_ISOLATION = nonisolated;
				SWIFT_EMIT_LOC_STRINGS = YES;
				SWIFT_UPCOMING_FEATURE_MEMBER_IMPORT_VISIBILITY = YES;
				SWIFT_VERSION = 6.0;
				TARGETED_DEVICE_FAMILY = "1,2,7";
			};
			name = Debug;
		};
		D5A7615D2EF6DBB80043DFF3 /* Release */ = {
			isa = XCBuildConfiguration;
			buildSettings = {
				ASSETCATALOG_COMPILER_APPICON_NAME = AppIcon;
				ASSETCATALOG_COMPILER_GLOBAL_ACCENT_COLOR_NAME = AccentColor;
				CODE_SIGN_STYLE = Automatic;
				CURRENT_PROJECT_VERSION = 1;
				DEVELOPMENT_TEAM = V8BCKJ57FF;
				ENABLE_PREVIEWS = YES;
				GENERATE_INFOPLIST_FILE = YES;
				INFOPLIST_KEY_CFBundleDisplayName = Inku;
				INFOPLIST_KEY_UIApplicationSceneManifest_Generation = YES;
				INFOPLIST_KEY_UIApplicationSupportsIndirectInputEvents = YES;
				INFOPLIST_KEY_UILaunchScreen_Generation = YES;
				INFOPLIST_KEY_UISupportedInterfaceOrientations = UIInterfaceOrientationPortrait;
				INFOPLIST_KEY_UISupportedInterfaceOrientations_iPad = "UIInterfaceOrientationLandscapeLeft UIInterfaceOrientationLandscapeRight UIInterfaceOrientationPortrait UIInterfaceOrientationPortraitUpsideDown";
				IPHONEOS_DEPLOYMENT_TARGET = 18.6;
				LD_RUNPATH_SEARCH_PATHS = (
					"$(inherited)",
					"@executable_path/Frameworks",
				);
				MARKETING_VERSION = 2.0.0;
				PRODUCT_BUNDLE_IDENTIFIER = com.sdp26.Inku;
				PRODUCT_NAME = "$(TARGET_NAME)";
				STRING_CATALOG_GENERATE_SYMBOLS = YES;
				SUPPORTED_PLATFORMS = "iphoneos iphonesimulator xros xrsimulator";
				SUPPORTS_MACCATALYST = NO;
				SUPPORTS_MAC_DESIGNED_FOR_IPHONE_IPAD = NO;
				SUPPORTS_XR_DESIGNED_FOR_IPHONE_IPAD = NO;
				SWIFT_APPROACHABLE_CONCURRENCY = NO;
				SWIFT_DEFAULT_ACTOR_ISOLATION = nonisolated;
				SWIFT_EMIT_LOC_STRINGS = YES;
				SWIFT_UPCOMING_FEATURE_MEMBER_IMPORT_VISIBILITY = YES;
				SWIFT_VERSION = 6.0;
				TARGETED_DEVICE_FAMILY = "1,2,7";
			};
			name = Release;
		};
		D5EFEFA12F364E62006F3603 /* Debug */ = {
			isa = XCBuildConfiguration;
			buildSettings = {
				ASSETCATALOG_COMPILER_APPICON_NAME = AppIcon;
				ASSETCATALOG_COMPILER_GLOBAL_ACCENT_COLOR_NAME = AccentColor;
				ASSETCATALOG_COMPILER_INCLUDE_ALL_APPICON_ASSETS = NO;
				CODE_SIGN_ENTITLEMENTS = "$(SRCROOT)/InkuMac/InkuMac.entitlements";
				"CODE_SIGN_IDENTITY[sdk=macosx*]" = "-";
				CODE_SIGN_STYLE = Automatic;
				COMBINE_HIDPI_IMAGES = YES;
				CURRENT_PROJECT_VERSION = 1;
				DEVELOPMENT_TEAM = V8BCKJ57FF;
				ENABLE_APP_SANDBOX = YES;
				ENABLE_HARDENED_RUNTIME = YES;
				ENABLE_INCOMING_NETWORK_CONNECTIONS = NO;
				ENABLE_OUTGOING_NETWORK_CONNECTIONS = YES;
				ENABLE_PREVIEWS = YES;
				ENABLE_RESOURCE_ACCESS_AUDIO_INPUT = NO;
				ENABLE_RESOURCE_ACCESS_BLUETOOTH = NO;
				ENABLE_RESOURCE_ACCESS_CALENDARS = NO;
				ENABLE_RESOURCE_ACCESS_CAMERA = NO;
				ENABLE_RESOURCE_ACCESS_CONTACTS = NO;
				ENABLE_RESOURCE_ACCESS_LOCATION = NO;
				ENABLE_RESOURCE_ACCESS_PRINTING = NO;
				ENABLE_RESOURCE_ACCESS_USB = NO;
				ENABLE_USER_SELECTED_FILES = readonly;
				GENERATE_INFOPLIST_FILE = YES;
				INFOPLIST_KEY_CFBundleDisplayName = Inku;
				INFOPLIST_KEY_NSHumanReadableCopyright = "";
				LD_RUNPATH_SEARCH_PATHS = (
					"$(inherited)",
					"@executable_path/../Frameworks",
				);
				MACOSX_DEPLOYMENT_TARGET = 15.6;
				MARKETING_VERSION = 2.0.0;
				PRODUCT_BUNDLE_IDENTIFIER = com.sdp26.InkuMac;
				PRODUCT_NAME = Inku;
				REGISTER_APP_GROUPS = YES;
				SDKROOT = macosx;
				STRING_CATALOG_GENERATE_SYMBOLS = YES;
				SWIFT_APPROACHABLE_CONCURRENCY = NO;
				SWIFT_DEFAULT_ACTOR_ISOLATION = nonisolated;
				SWIFT_EMIT_LOC_STRINGS = YES;
				SWIFT_STRICT_CONCURRENCY = complete;
				SWIFT_UPCOMING_FEATURE_MEMBER_IMPORT_VISIBILITY = YES;
				SWIFT_VERSION = 5.0;
			};
			name = Debug;
		};
		D5EFEFA22F364E62006F3603 /* Release */ = {
			isa = XCBuildConfiguration;
			buildSettings = {
				ASSETCATALOG_COMPILER_APPICON_NAME = AppIcon;
				ASSETCATALOG_COMPILER_GLOBAL_ACCENT_COLOR_NAME = AccentColor;
				ASSETCATALOG_COMPILER_INCLUDE_ALL_APPICON_ASSETS = NO;
				CODE_SIGN_ENTITLEMENTS = "$(SRCROOT)/InkuMac/InkuMac.entitlements";
				"CODE_SIGN_IDENTITY[sdk=macosx*]" = "-";
				CODE_SIGN_STYLE = Automatic;
				COMBINE_HIDPI_IMAGES = YES;
				CURRENT_PROJECT_VERSION = 1;
				DEVELOPMENT_TEAM = V8BCKJ57FF;
				ENABLE_APP_SANDBOX = YES;
				ENABLE_HARDENED_RUNTIME = YES;
				ENABLE_INCOMING_NETWORK_CONNECTIONS = NO;
				ENABLE_OUTGOING_NETWORK_CONNECTIONS = YES;
				ENABLE_PREVIEWS = YES;
				ENABLE_RESOURCE_ACCESS_AUDIO_INPUT = NO;
				ENABLE_RESOURCE_ACCESS_BLUETOOTH = NO;
				ENABLE_RESOURCE_ACCESS_CALENDARS = NO;
				ENABLE_RESOURCE_ACCESS_CAMERA = NO;
				ENABLE_RESOURCE_ACCESS_CONTACTS = NO;
				ENABLE_RESOURCE_ACCESS_LOCATION = NO;
				ENABLE_RESOURCE_ACCESS_PRINTING = NO;
				ENABLE_RESOURCE_ACCESS_USB = NO;
				ENABLE_USER_SELECTED_FILES = readonly;
				GENERATE_INFOPLIST_FILE = YES;
				INFOPLIST_KEY_CFBundleDisplayName = Inku;
				INFOPLIST_KEY_NSHumanReadableCopyright = "";
				LD_RUNPATH_SEARCH_PATHS = (
					"$(inherited)",
					"@executable_path/../Frameworks",
				);
				MACOSX_DEPLOYMENT_TARGET = 15.6;
				MARKETING_VERSION = 2.0.0;
				PRODUCT_BUNDLE_IDENTIFIER = com.sdp26.InkuMac;
				PRODUCT_NAME = Inku;
				REGISTER_APP_GROUPS = YES;
				SDKROOT = macosx;
				STRING_CATALOG_GENERATE_SYMBOLS = YES;
				SWIFT_APPROACHABLE_CONCURRENCY = NO;
				SWIFT_DEFAULT_ACTOR_ISOLATION = nonisolated;
				SWIFT_EMIT_LOC_STRINGS = YES;
				SWIFT_STRICT_CONCURRENCY = complete;
				SWIFT_UPCOMING_FEATURE_MEMBER_IMPORT_VISIBILITY = YES;
				SWIFT_VERSION = 5.0;
			};
			name = Release;
		};
/* End XCBuildConfiguration section */

/* Begin XCConfigurationList section */
		D575EC0B2EFC8A9B00F99309 /* Build configuration list for PBXNativeTarget "InkuTests" */ = {
			isa = XCConfigurationList;
			buildConfigurations = (
				D575EC0C2EFC8A9B00F99309 /* Debug */,
				D575EC0D2EFC8A9B00F99309 /* Release */,
			);
			defaultConfigurationIsVisible = 0;
			defaultConfigurationName = Release;
		};
		D5A2CBCB2F3A30EB00D279BA /* Build configuration list for PBXNativeTarget "InkuVision" */ = {
			isa = XCConfigurationList;
			buildConfigurations = (
				D5A2CBCC2F3A30EB00D279BA /* Debug */,
				D5A2CBCD2F3A30EB00D279BA /* Release */,
			);
			defaultConfigurationIsVisible = 0;
			defaultConfigurationName = Release;
		};
		D5A7614B2EF6DBB70043DFF3 /* Build configuration list for PBXProject "Inku" */ = {
			isa = XCConfigurationList;
			buildConfigurations = (
				D5A761592EF6DBB80043DFF3 /* Debug */,
				D5A7615A2EF6DBB80043DFF3 /* Release */,
			);
			defaultConfigurationIsVisible = 0;
			defaultConfigurationName = Release;
		};
		D5A7615B2EF6DBB80043DFF3 /* Build configuration list for PBXNativeTarget "Inku" */ = {
			isa = XCConfigurationList;
			buildConfigurations = (
				D5A7615C2EF6DBB80043DFF3 /* Debug */,
				D5A7615D2EF6DBB80043DFF3 /* Release */,
			);
			defaultConfigurationIsVisible = 0;
			defaultConfigurationName = Release;
		};
		D5EFEFA32F364E62006F3603 /* Build configuration list for PBXNativeTarget "InkuMac" */ = {
			isa = XCConfigurationList;
			buildConfigurations = (
				D5EFEFA12F364E62006F3603 /* Debug */,
				D5EFEFA22F364E62006F3603 /* Release */,
			);
			defaultConfigurationIsVisible = 0;
			defaultConfigurationName = Release;
		};
/* End XCConfigurationList section */

/* Begin XCRemoteSwiftPackageReference section */
		D5A7EB102F0163DA001B368C /* XCRemoteSwiftPackageReference "InkuUI" */ = {
			isa = XCRemoteSwiftPackageReference;
			repositoryURL = "https://github.com/Eduardo0224/InkuUI";
			requirement = {
				kind = upToNextMajorVersion;
				minimumVersion = 1.0.0;
			};
		};
/* End XCRemoteSwiftPackageReference section */

/* Begin XCSwiftPackageProductDependency section */
		D5A2CBC12F3A30EA00D279BA /* RealityKitContent */ = {
			isa = XCSwiftPackageProductDependency;
			productName = RealityKitContent;
		};
		D5A7EB112F0163DA001B368C /* InkuUI */ = {
			isa = XCSwiftPackageProductDependency;
			package = D5A7EB102F0163DA001B368C /* XCRemoteSwiftPackageReference "InkuUI" */;
			productName = InkuUI;
		};
		D5DDE43D2F3A3AAD00E8CB32 /* InkuUI */ = {
			isa = XCSwiftPackageProductDependency;
			package = D5A7EB102F0163DA001B368C /* XCRemoteSwiftPackageReference "InkuUI" */;
			productName = InkuUI;
		};
		D5EFEFA52F364EA8006F3603 /* InkuUI */ = {
			isa = XCSwiftPackageProductDependency;
			package = D5A7EB102F0163DA001B368C /* XCRemoteSwiftPackageReference "InkuUI" */;
			productName = InkuUI;
		};
/* End XCSwiftPackageProductDependency section */
	};
	rootObject = D5A761482EF6DBB70043DFF3 /* Project object */;
}
