{
  "originHash" : "d3b079ed74b6c6008108c9b86657c2fb179ba2007e3ca48fd43ef3f518ac7118",
  "pins" : [
    {
      "identity" : "inkuui",
      "kind" : "remoteSourceControl",
      "location" : "https://github.com/Eduardo0224/InkuUI",
      "state" : {
        "revision" : "9a05cefbabe7f8f0be12005a06c8580d9c2d8815",
        "version" : "1.5.0"
      }
    }
  ],
  "version" : 3
}
