{
  "originHash" : "e42ac6aa560af7adf0ac5fa3362f355a6be3843f62b52fa49c4b2ffb310e9ef0",
  "pins" : [
    {
      "identity" : "inkuui",
      "kind" : "remoteSourceControl",
      "location" : "https://github.com/Eduardo0224/InkuUI",
      "state" : {
        "revision" : "d09289231b3fb3eba83cab7708b06ba50ead021c",
        "version" : "1.14.0"
      }
    }
  ],
  "version" : 3
}
